
Microsoft Visual Studio Solution File, Format Version 12.00
# Visual Studio Version 17
VisualStudioVersion = 17.1.32319.34
MinimumVisualStudioVersion = 10.0.40219.1
Project("{FAE04EC0-301F-11D3-BF4B-00C04F79EFBC}") = "triangclasse2", "triangclasse2\triangclasse2.csproj", "{0E7A35C5-E968-4FE7-9F52-2EA84BC0F078}"
EndProject
Global
	GlobalSection(SolutionConfigurationPlatforms) = preSolution
		Debug|Any CPU = Debug|Any CPU
		Release|Any CPU = Release|Any CPU
	EndGlobalSection
	GlobalSection(ProjectConfigurationPlatforms) = postSolution
		{0E7A35C5-E968-4FE7-9F52-2EA84BC0F078}.Debug|Any CPU.ActiveCfg = Debug|Any CPU
		{0E7A35C5-E968-4FE7-9F52-2EA84BC0F078}.Debug|Any CPU.Build.0 = Debug|Any CPU
		{0E7A35C5-E968-4FE7-9F52-2EA84BC0F078}.Release|Any CPU.ActiveCfg = Release|Any CPU
		{0E7A35C5-E968-4FE7-9F52-2EA84BC0F078}.Release|Any CPU.Build.0 = Release|Any CPU
	EndGlobalSection
	GlobalSection(SolutionProperties) = preSolution
		HideSolutionNode = FALSE
	EndGlobalSection
	GlobalSection(ExtensibilityGlobals) = postSolution
		SolutionGuid = {AC9050CB-8DDB-4FFB-AF0C-3129834FDDE2}
	EndGlobalSection
EndGlobal
